
Microsoft Visual Studio Solution File, Format Version 12.00
Project("{FAE04EC0-301F-11D3-BF4B-00C04F79EFBC}") = "src\CubeCell.App", "src\CubeCell.App\CubeCell.App.csproj", "{C838E8ED-7385-4B12-8D36-B01B6FD6BF97}"
EndProject
Project("{FAE04EC0-301F-11D3-BF4B-00C04F79EFBC}") = "src\CubeCell.Parser.Grammar", "src\CubeCell.Parser.Grammar\CubeCell.Parser.Grammar.csproj", "{C80AEE01-D952-4893-B353-306EE285D283}"
EndProject
Project("{FAE04EC0-301F-11D3-BF4B-00C04F79EFBC}") = "src\CubeCell.Parser", "src\CubeCell.Parser\CubeCell.Parser.csproj", "{DB652824-EC3C-4DC9-B235-D0FB6BBFE666}"
EndProject
Project("{FAE04EC0-301F-11D3-BF4B-00C04F79EFBC}") = "CubeCell.UnitTests", "tests\CubeCell.UnitTests\CubeCell.UnitTests.csproj", "{718A5707-6CAB-485C-AD6F-FFECD180ED38}"
EndProject
Global
	GlobalSection(SolutionConfigurationPlatforms) = preSolution
		Debug|Any CPU = Debug|Any CPU
		Release|Any CPU = Release|Any CPU
	EndGlobalSection
	GlobalSection(ProjectConfigurationPlatforms) = postSolution
		{C838E8ED-7385-4B12-8D36-B01B6FD6BF97}.Debug|Any CPU.ActiveCfg = Debug|Any CPU
		{C838E8ED-7385-4B12-8D36-B01B6FD6BF97}.Debug|Any CPU.Build.0 = Debug|Any CPU
		{C838E8ED-7385-4B12-8D36-B01B6FD6BF97}.Release|Any CPU.ActiveCfg = Release|Any CPU
		{C838E8ED-7385-4B12-8D36-B01B6FD6BF97}.Release|Any CPU.Build.0 = Release|Any CPU
		{C80AEE01-D952-4893-B353-306EE285D283}.Debug|Any CPU.ActiveCfg = Debug|Any CPU
		{C80AEE01-D952-4893-B353-306EE285D283}.Debug|Any CPU.Build.0 = Debug|Any CPU
		{C80AEE01-D952-4893-B353-306EE285D283}.Release|Any CPU.ActiveCfg = Release|Any CPU
		{C80AEE01-D952-4893-B353-306EE285D283}.Release|Any CPU.Build.0 = Release|Any CPU
		{DB652824-EC3C-4DC9-B235-D0FB6BBFE666}.Debug|Any CPU.ActiveCfg = Debug|Any CPU
		{DB652824-EC3C-4DC9-B235-D0FB6BBFE666}.Debug|Any CPU.Build.0 = Debug|Any CPU
		{DB652824-EC3C-4DC9-B235-D0FB6BBFE666}.Release|Any CPU.ActiveCfg = Release|Any CPU
		{DB652824-EC3C-4DC9-B235-D0FB6BBFE666}.Release|Any CPU.Build.0 = Release|Any CPU
		{718A5707-6CAB-485C-AD6F-FFECD180ED38}.Debug|Any CPU.ActiveCfg = Debug|Any CPU
		{718A5707-6CAB-485C-AD6F-FFECD180ED38}.Debug|Any CPU.Build.0 = Debug|Any CPU
		{718A5707-6CAB-485C-AD6F-FFECD180ED38}.Release|Any CPU.ActiveCfg = Release|Any CPU
		{718A5707-6CAB-485C-AD6F-FFECD180ED38}.Release|Any CPU.Build.0 = Release|Any CPU
	EndGlobalSection
EndGlobal
